<?xml version="1.0" encoding="utf-8"?>
<Project ToolsVersion="4.0" xmlns="http://schemas.microsoft.com/developer/msbuild/2003">
  <ItemGroup>
    <Filter Include="Source Files">
      <UniqueIdentifier>{4FC737F1-C7A5-4376-A066-2A32D752A2FF}</UniqueIdentifier>
      <Extensions>cpp;c;cc;cxx;c++;cppm;ixx;def;odl;idl;hpj;bat;asm;asmx</Extensions>
    </Filter>
    <Filter Include="Header Files">
      <UniqueIdentifier>{93995380-89BD-4b04-88EB-625FBE52EBFB}</UniqueIdentifier>
      <Extensions>h;hh;hpp;hxx;h++;hm;inl;inc;ipp;xsd</Extensions>
    </Filter>
    <Filter Include="Resource Files">
      <UniqueIdentifier>{67DA6AB6-F800-4c08-8B7A-83BB121AAD01}</UniqueIdentifier>
      <Extensions>rc;ico;cur;bmp;dlg;rc2;rct;bin;rgs;gif;jpg;jpeg;jpe;resx;tiff;tif;png;wav;mfcribbon-ms</Extensions>
    </Filter>
    <Filter Include="Header Files\detours">
      <UniqueIdentifier>{21cd9231-2bee-4cae-9a94-611a06ab12c6}</UniqueIdentifier>
    </Filter>
    <Filter Include="Source Files\koukut">
      <UniqueIdentifier>{8fe32113-f892-47eb-818b-e1a7ef98034f}</UniqueIdentifier>
    </Filter>
  </ItemGroup>
  <ItemGroup>
    <ClInclude Include="h.h">
      <Filter>Header Files</Filter>
    </ClInclude>
    <ClInclude Include="koukut.h">
      <Filter>Source Files\koukut</Filter>
    </ClInclude>
    <ClInclude Include="detours\detours.h">
      <Filter>Header Files\detours</Filter>
    </ClInclude>
    <ClInclude Include="koukut_main.h">
      <Filter>Source Files\koukut</Filter>
    </ClInclude>
  </ItemGroup>
  <ItemGroup>
    <ClCompile Include="njecjet.cpp">
      <Filter>Source Files</Filter>
    </ClCompile>
    <ClCompile Include="koukut.cpp">
      <Filter>Source Files\koukut</Filter>
    </ClCompile>
    <ClCompile Include="koukut_main.cpp">
      <Filter>Source Files\koukut</Filter>
    </ClCompile>
  </ItemGroup>
  <ItemGroup>
    <Library Include="detours\detours.lib">
      <Filter>Header Files\detours</Filter>
    </Library>
  </ItemGroup>
</Project>